
Microsoft Visual Studio Solution File, Format Version 12.00
# Visual Studio Version 17
VisualStudioVersion = 17.14.36221.1 d17.14
MinimumVisualStudioVersion = 10.0.40219.1
Project("{FAE04EC0-301F-11D3-BF4B-00C04F79EFBC}") = "GroceryShop", "GroceryShop\GroceryShop.csproj", "{14AAA7B2-48E6-4346-BADF-9AD2CC7E518A}"
EndProject
Global
	GlobalSection(SolutionConfigurationPlatforms) = preSolution
		Debug|Any CPU = Debug|Any CPU
		Release|Any CPU = Release|Any CPU
	EndGlobalSection
	GlobalSection(ProjectConfigurationPlatforms) = postSolution
		{14AAA7B2-48E6-4346-BADF-9AD2CC7E518A}.Debug|Any CPU.ActiveCfg = Debug|Any CPU
		{14AAA7B2-48E6-4346-BADF-9AD2CC7E518A}.Debug|Any CPU.Build.0 = Debug|Any CPU
		{14AAA7B2-48E6-4346-BADF-9AD2CC7E518A}.Release|Any CPU.ActiveCfg = Release|Any CPU
		{14AAA7B2-48E6-4346-BADF-9AD2CC7E518A}.Release|Any CPU.Build.0 = Release|Any CPU
	EndGlobalSection
	GlobalSection(SolutionProperties) = preSolution
		HideSolutionNode = FALSE
	EndGlobalSection
	GlobalSection(ExtensibilityGlobals) = postSolution
		SolutionGuid = {C8922F04-8BB5-4F7C-9FE7-E4CB0647967B}
	EndGlobalSection
EndGlobal
